
Microsoft Visual Studio Solution File, Format Version 12.00
# Visual Studio Version 16
VisualStudioVersion = 16.0.30717.126
MinimumVisualStudioVersion = 10.0.40219.1
Project("{8BC9CEB8-8B4A-11D0-8D11-00A0C91BC942}") = "AvlTreeLectureCode", "AvlTreeLectureCode\AvlTreeLectureCode.vcxproj", "{455F480E-D07D-4801-8853-D98BC5DAABFB}"
EndProject
Global
	GlobalSection(SolutionConfigurationPlatforms) = preSolution
		Debug|x64 = Debug|x64
		Debug|x86 = Debug|x86
		Release|x64 = Release|x64
		Release|x86 = Release|x86
	EndGlobalSection
	GlobalSection(ProjectConfigurationPlatforms) = postSolution
		{455F480E-D07D-4801-8853-D98BC5DAABFB}.Debug|x64.ActiveCfg = Debug|x64
		{455F480E-D07D-4801-8853-D98BC5DAABFB}.Debug|x64.Build.0 = Debug|x64
		{455F480E-D07D-4801-8853-D98BC5DAABFB}.Debug|x86.ActiveCfg = Debug|Win32
		{455F480E-D07D-4801-8853-D98BC5DAABFB}.Debug|x86.Build.0 = Debug|Win32
		{455F480E-D07D-4801-8853-D98BC5DAABFB}.Release|x64.ActiveCfg = Release|x64
		{455F480E-D07D-4801-8853-D98BC5DAABFB}.Release|x64.Build.0 = Release|x64
		{455F480E-D07D-4801-8853-D98BC5DAABFB}.Release|x86.ActiveCfg = Release|Win32
		{455F480E-D07D-4801-8853-D98BC5DAABFB}.Release|x86.Build.0 = Release|Win32
	EndGlobalSection
	GlobalSection(SolutionProperties) = preSolution
		HideSolutionNode = FALSE
	EndGlobalSection
	GlobalSection(ExtensibilityGlobals) = postSolution
		SolutionGuid = {FA433E62-BFD2-4E8B-93D3-FA54044E8881}
	EndGlobalSection
EndGlobal
